
Microsoft Visual Studio Solution File, Format Version 12.00
# Visual Studio 14
VisualStudioVersion = 14.0.24720.0
MinimumVisualStudioVersion = 10.0.40219.1
Project("{FAE04EC0-301F-11D3-BF4B-00C04F79EFBC}") = "Dolstagis.Tests", "Dolstagis.Tests\Dolstagis.Tests.csproj", "{A80A09DE-29AD-4403-A1CF-91ADD62AAEF5}"
EndProject
Project("{2150E333-8FDC-42A3-9474-1A3956D46DE8}") = ".nuget", ".nuget", "{801B0B4F-BFA0-4BB5-AA6A-C72E47979DE1}"
	ProjectSection(SolutionItems) = preProject
		.nuget\NuGet.Config = .nuget\NuGet.Config
		.nuget\NuGet.exe = .nuget\NuGet.exe
		.nuget\NuGet.targets = .nuget\NuGet.targets
	EndProjectSection
EndProject
Project("{2150E333-8FDC-42A3-9474-1A3956D46DE8}") = ".version", ".version", "{DC62E4AD-8CDB-4F5F-AE0C-50E7C689449C}"
	ProjectSection(SolutionItems) = preProject
		.version\DefaultVersionInfo.cs = .version\DefaultVersionInfo.cs
		.version\ProductInfo.cs = .version\ProductInfo.cs
		.version\VersionInfo.cs = .version\VersionInfo.cs
	EndProjectSection
EndProject
Project("{FAE04EC0-301F-11D3-BF4B-00C04F79EFBC}") = "Dolstagis.Web", "Dolstagis.Web\Dolstagis.Web.csproj", "{E0E930FF-37B5-4495-8A73-3F69073E4629}"
EndProject
Project("{FAE04EC0-301F-11D3-BF4B-00C04F79EFBC}") = "Dolstagis.Web.Aspnet", "Dolstagis.Web.Aspnet\Dolstagis.Web.Aspnet.csproj", "{25892703-ECBF-410C-B47A-7EE2AA2EE259}"
EndProject
Project("{FAE04EC0-301F-11D3-BF4B-00C04F79EFBC}") = "WebApp", "WebApp\WebApp.csproj", "{8FA744F9-9112-4BFF-88BC-5F9A8AF88430}"
EndProject
Project("{FAE04EC0-301F-11D3-BF4B-00C04F79EFBC}") = "Dolstagis.Web.Views.Nustache", "Dolstagis.Web.Views.Nustache\Dolstagis.Web.Views.Nustache.csproj", "{2C298F3A-D57E-4D56-A529-88C47D5D809B}"
EndProject
Project("{FAE04EC0-301F-11D3-BF4B-00C04F79EFBC}") = "Dolstagis.Web.Views.Razor", "Dolstagis.Web.Views.Razor\Dolstagis.Web.Views.Razor.csproj", "{77E9084E-4C5A-4EDB-A7EB-18C3DD8CA11E}"
EndProject
Project("{FAE04EC0-301F-11D3-BF4B-00C04F79EFBC}") = "Dolstagis.Web.StructureMap", "Dolstagis.Web.StructureMap\Dolstagis.Web.StructureMap.csproj", "{7BA05C38-F6CE-412A-AC78-9DE7BA57FC1A}"
EndProject
Project("{FAE04EC0-301F-11D3-BF4B-00C04F79EFBC}") = "Dolstagis.Web.Views.DotLiquid", "Dolstagis.Web.Views.DotLiquid\Dolstagis.Web.Views.DotLiquid.csproj", "{C04459C2-79AB-47AF-B7FA-70A43CD866BD}"
EndProject
Global
	GlobalSection(SolutionConfigurationPlatforms) = preSolution
		Debug|Any CPU = Debug|Any CPU
		Release|Any CPU = Release|Any CPU
	EndGlobalSection
	GlobalSection(ProjectConfigurationPlatforms) = postSolution
		{A80A09DE-29AD-4403-A1CF-91ADD62AAEF5}.Debug|Any CPU.ActiveCfg = Debug|Any CPU
		{A80A09DE-29AD-4403-A1CF-91ADD62AAEF5}.Debug|Any CPU.Build.0 = Debug|Any CPU
		{A80A09DE-29AD-4403-A1CF-91ADD62AAEF5}.Release|Any CPU.ActiveCfg = Release|Any CPU
		{A80A09DE-29AD-4403-A1CF-91ADD62AAEF5}.Release|Any CPU.Build.0 = Release|Any CPU
		{E0E930FF-37B5-4495-8A73-3F69073E4629}.Debug|Any CPU.ActiveCfg = Debug|Any CPU
		{E0E930FF-37B5-4495-8A73-3F69073E4629}.Debug|Any CPU.Build.0 = Debug|Any CPU
		{E0E930FF-37B5-4495-8A73-3F69073E4629}.Release|Any CPU.ActiveCfg = Release|Any CPU
		{E0E930FF-37B5-4495-8A73-3F69073E4629}.Release|Any CPU.Build.0 = Release|Any CPU
		{25892703-ECBF-410C-B47A-7EE2AA2EE259}.Debug|Any CPU.ActiveCfg = Debug|Any CPU
		{25892703-ECBF-410C-B47A-7EE2AA2EE259}.Debug|Any CPU.Build.0 = Debug|Any CPU
		{25892703-ECBF-410C-B47A-7EE2AA2EE259}.Release|Any CPU.ActiveCfg = Release|Any CPU
		{25892703-ECBF-410C-B47A-7EE2AA2EE259}.Release|Any CPU.Build.0 = Release|Any CPU
		{8FA744F9-9112-4BFF-88BC-5F9A8AF88430}.Debug|Any CPU.ActiveCfg = Debug|Any CPU
		{8FA744F9-9112-4BFF-88BC-5F9A8AF88430}.Debug|Any CPU.Build.0 = Debug|Any CPU
		{8FA744F9-9112-4BFF-88BC-5F9A8AF88430}.Release|Any CPU.ActiveCfg = Release|Any CPU
		{8FA744F9-9112-4BFF-88BC-5F9A8AF88430}.Release|Any CPU.Build.0 = Release|Any CPU
		{2C298F3A-D57E-4D56-A529-88C47D5D809B}.Debug|Any CPU.ActiveCfg = Debug|Any CPU
		{2C298F3A-D57E-4D56-A529-88C47D5D809B}.Debug|Any CPU.Build.0 = Debug|Any CPU
		{2C298F3A-D57E-4D56-A529-88C47D5D809B}.Release|Any CPU.ActiveCfg = Release|Any CPU
		{2C298F3A-D57E-4D56-A529-88C47D5D809B}.Release|Any CPU.Build.0 = Release|Any CPU
		{77E9084E-4C5A-4EDB-A7EB-18C3DD8CA11E}.Debug|Any CPU.ActiveCfg = Debug|Any CPU
		{77E9084E-4C5A-4EDB-A7EB-18C3DD8CA11E}.Debug|Any CPU.Build.0 = Debug|Any CPU
		{77E9084E-4C5A-4EDB-A7EB-18C3DD8CA11E}.Release|Any CPU.ActiveCfg = Release|Any CPU
		{77E9084E-4C5A-4EDB-A7EB-18C3DD8CA11E}.Release|Any CPU.Build.0 = Release|Any CPU
		{7BA05C38-F6CE-412A-AC78-9DE7BA57FC1A}.Debug|Any CPU.ActiveCfg = Debug|Any CPU
		{7BA05C38-F6CE-412A-AC78-9DE7BA57FC1A}.Debug|Any CPU.Build.0 = Debug|Any CPU
		{7BA05C38-F6CE-412A-AC78-9DE7BA57FC1A}.Release|Any CPU.ActiveCfg = Release|Any CPU
		{7BA05C38-F6CE-412A-AC78-9DE7BA57FC1A}.Release|Any CPU.Build.0 = Release|Any CPU
		{C04459C2-79AB-47AF-B7FA-70A43CD866BD}.Debug|Any CPU.ActiveCfg = Debug|Any CPU
		{C04459C2-79AB-47AF-B7FA-70A43CD866BD}.Debug|Any CPU.Build.0 = Debug|Any CPU
		{C04459C2-79AB-47AF-B7FA-70A43CD866BD}.Release|Any CPU.ActiveCfg = Release|Any CPU
		{C04459C2-79AB-47AF-B7FA-70A43CD866BD}.Release|Any CPU.Build.0 = Release|Any CPU
	EndGlobalSection
	GlobalSection(SolutionProperties) = preSolution
		HideSolutionNode = FALSE
	EndGlobalSection
EndGlobal
